
Microsoft Visual Studio Solution File, Format Version 12.00
# Visual Studio Version 17
VisualStudioVersion = 17.9.34622.214
MinimumVisualStudioVersion = 10.0.40219.1
Project("{FAE04EC0-301F-11D3-BF4B-00C04F79EFBC}") = "VpnKillSwitch", "VpnKillSwitch.csproj", "{3ABF190B-9B68-4B85-8C3D-ACD6DD2D1CCA}"
EndProject
Global
	GlobalSection(SolutionConfigurationPlatforms) = preSolution
		Debug|Any CPU = Debug|Any CPU
		Release|Any CPU = Release|Any CPU
	EndGlobalSection
	GlobalSection(ProjectConfigurationPlatforms) = postSolution
		{3ABF190B-9B68-4B85-8C3D-ACD6DD2D1CCA}.Debug|Any CPU.ActiveCfg = Debug|Any CPU
		{3ABF190B-9B68-4B85-8C3D-ACD6DD2D1CCA}.Debug|Any CPU.Build.0 = Debug|Any CPU
		{3ABF190B-9B68-4B85-8C3D-ACD6DD2D1CCA}.Release|Any CPU.ActiveCfg = Release|Any CPU
		{3ABF190B-9B68-4B85-8C3D-ACD6DD2D1CCA}.Release|Any CPU.Build.0 = Release|Any CPU
	EndGlobalSection
	GlobalSection(SolutionProperties) = preSolution
		HideSolutionNode = FALSE
	EndGlobalSection
	GlobalSection(ExtensibilityGlobals) = postSolution
		SolutionGuid = {5C46A6B9-7E53-4703-9603-AECDEDA6BA02}
	EndGlobalSection
EndGlobal
